
Microsoft Visual Studio Solution File, Format Version 12.00
# Visual Studio Version 16
VisualStudioVersion = 16.0.31702.278
MinimumVisualStudioVersion = 10.0.40219.1
Project("{FAE04EC0-301F-11D3-BF4B-00C04F79EFBC}") = "Covid_Vaccination_core", "Covid_Vaccination_core\Covid_Vaccination_core.csproj", "{00E481DC-F2FA-46C3-98BD-B042758470FA}"
EndProject
Global
	GlobalSection(SolutionConfigurationPlatforms) = preSolution
		Debug|Any CPU = Debug|Any CPU
		Release|Any CPU = Release|Any CPU
	EndGlobalSection
	GlobalSection(ProjectConfigurationPlatforms) = postSolution
		{00E481DC-F2FA-46C3-98BD-B042758470FA}.Debug|Any CPU.ActiveCfg = Debug|Any CPU
		{00E481DC-F2FA-46C3-98BD-B042758470FA}.Debug|Any CPU.Build.0 = Debug|Any CPU
		{00E481DC-F2FA-46C3-98BD-B042758470FA}.Release|Any CPU.ActiveCfg = Release|Any CPU
		{00E481DC-F2FA-46C3-98BD-B042758470FA}.Release|Any CPU.Build.0 = Release|Any CPU
	EndGlobalSection
	GlobalSection(SolutionProperties) = preSolution
		HideSolutionNode = FALSE
	EndGlobalSection
	GlobalSection(ExtensibilityGlobals) = postSolution
		SolutionGuid = {C1081DB3-A05E-42FC-9BFE-03D4E37D8419}
	EndGlobalSection
EndGlobal
